
Microsoft Visual Studio Solution File, Format Version 12.00
# Visual Studio Version 17
VisualStudioVersion = 17.0.31903.59
MinimumVisualStudioVersion = 10.0.40219.1
Project("{2150E333-8FDC-42A3-9474-1A3956D46DE8}") = "src", "src", "{4BA728AD-4071-480B-B2C8-DC8B8EFEB488}"
EndProject
Project("{FAE04EC0-301F-11D3-BF4B-00C04F79EFBC}") = "MeasurementGenerator", "src\MeasurementGenerator\MeasurementGenerator.csproj", "{A7B729E6-F784-40F5-AE0D-A506C0C8F719}"
EndProject
Global
	GlobalSection(SolutionConfigurationPlatforms) = preSolution
		Debug|Any CPU = Debug|Any CPU
		Release|Any CPU = Release|Any CPU
	EndGlobalSection
	GlobalSection(SolutionProperties) = preSolution
		HideSolutionNode = FALSE
	EndGlobalSection
	GlobalSection(ProjectConfigurationPlatforms) = postSolution
		{A7B729E6-F784-40F5-AE0D-A506C0C8F719}.Debug|Any CPU.ActiveCfg = Debug|Any CPU
		{A7B729E6-F784-40F5-AE0D-A506C0C8F719}.Debug|Any CPU.Build.0 = Debug|Any CPU
		{A7B729E6-F784-40F5-AE0D-A506C0C8F719}.Release|Any CPU.ActiveCfg = Release|Any CPU
		{A7B729E6-F784-40F5-AE0D-A506C0C8F719}.Release|Any CPU.Build.0 = Release|Any CPU
	EndGlobalSection
	GlobalSection(NestedProjects) = preSolution
		{A7B729E6-F784-40F5-AE0D-A506C0C8F719} = {4BA728AD-4071-480B-B2C8-DC8B8EFEB488}
	EndGlobalSection
EndGlobal
